{
    "_readme": [
        "This file locks the dependencies of your project to a known state",
        "Read more about it at https://getcomposer.org/doc/01-basic-usage.md#installing-dependencies",
        "This file is @generated automatically"
    ],
    "content-hash": "d319c61bebc1584fade2f7d7f6f0a42c",
    "packages": [
        {
            "name": "phpbu/phpbu",
            "version": "6.0.30",
            "source": {
                "type": "git",
                "url": "https://github.com/sebastianfeldmann/phpbu.git",
                "reference": "6dd994b722dcdf5f289dafd92766babc0f25b617"
            },
            "dist": {
                "type": "zip",
                "url": "https://api.github.com/repos/sebastianfeldmann/phpbu/zipball/6dd994b722dcdf5f289dafd92766babc0f25b617",
                "reference": "6dd994b722dcdf5f289dafd92766babc0f25b617",
                "shasum": ""
            },
            "require": {
                "ext-dom": "*",
                "ext-json": "*",
                "ext-spl": "*",
                "php": ">=8.0",
                "sebastian/environment": "^3.0|^4.0|^5.0|^6.0|^7.0|^8.0",
                "sebastianfeldmann/cli": "^3.4",
                "symfony/process": "^3.0|^4.0|^5.0|^6.0|^7.0"
            },
            "require-dev": {
                "arhitector/yandex": "^2.0",
                "aws/aws-sdk-php": "^3.10",
                "google/apiclient": "^2.7",
                "google/cloud-storage": "^1.42",
                "guzzlehttp/guzzle": "^5.3.4|^6.5.8|^7.5.0",
                "kunalvarma05/dropbox-php-sdk": "^0.5",
                "microsoft/azure-storage-blob": "^1.4",
                "php-opencloud/openstack": "^3.0",
                "phpmailer/phpmailer": "^6.0",
                "phpseclib/phpseclib": "^2.0",
                "sebastianfeldmann/ftp": "^0.9.2",
                "sebastianfeldmann/git": "^3.2",
                "softlayer/objectstorage": "dev-master",
                "vlucas/phpdotenv": "^4.0"
            },
            "suggest": {
                "arhitector/yandex": "Require ^2.0 to sync to Yandex Disk",
                "aws/aws-sdk-php": "Require '^3.10' to sync to Amazon S3",
                "google/apiclient": "Require ^2.0 to sync to Google Drive",
                "google/cloud-storage": "Require ^1.42 to sync to Google Cloud Storage",
                "guzzlehttp/guzzle": "Require ^5.3.3|^6.2.1 to write logs to Telegram",
                "kunalvarma05/dropbox-php-sdk": "Require '^0.2' to sync to Dropbox",
                "microsoft/azure-storage-blob": "Require ^1.4 to sync to Azure Blob Storage",
                "php-opencloud/openstack": "Require ^3.0 to sync to OpenStack",
                "phpmailer/phpmailer": "Require ^6.0 to receive logs via email",
                "phpseclib/phpseclib": "Require '^2.0' to use SFTP sync",
                "sebastianfeldmann/ftp": "Require ^0.9.2 to sync to an FTP server",
                "softlayer/objectstorage": "Require 'dev-master' to sync to Softlayer",
                "vlucas/phpdotenv": "Require ^3.0 or ^4.0 or ^5.0 to use the Dotenv adapter"
            },
            "bin": [
                "phpbu"
            ],
            "type": "library",
            "extra": {
                "branch-alias": {
                    "dev-master": "6.0.x-dev"
                }
            },
            "autoload": {
                "psr-4": {
                    "phpbu\\App\\": "src/"
                }
            },
            "notification-url": "https://packagist.org/downloads/",
            "license": [
                "MIT"
            ],
            "authors": [
                {
                    "name": "Sebastian Feldmann",
                    "email": "sebastian@phpbu.de",
                    "role": "lead"
                }
            ],
            "description": "PHP Backup utility.",
            "homepage": "https://phpbu.de/",
            "keywords": [
                "ArangoDb",
                "backup",
                "cloud",
                "elasticsearch",
                "influxdb",
                "mongodb",
                "mysql",
                "postgres",
                "rsync",
                "sftp",
                "tar"
            ],
            "support": {
                "issues": "https://github.com/sebastianfeldmann/phpbu/issues",
                "source": "https://github.com/sebastianfeldmann/phpbu/tree/6.0.30"
            },
            "funding": [
                {
                    "url": "https://github.com/sponsors/sebastianfeldmann",
                    "type": "github"
                }
            ],
            "time": "2025-06-18T14:12:27+00:00"
        },
        {
            "name": "sebastian/environment",
            "version": "8.0.3",
            "source": {
                "type": "git",
                "url": "https://github.com/sebastianbergmann/environment.git",
                "reference": "24a711b5c916efc6d6e62aa65aa2ec98fef77f68"
            },
            "dist": {
                "type": "zip",
                "url": "https://api.github.com/repos/sebastianbergmann/environment/zipball/24a711b5c916efc6d6e62aa65aa2ec98fef77f68",
                "reference": "24a711b5c916efc6d6e62aa65aa2ec98fef77f68",
                "shasum": ""
            },
            "require": {
                "php": ">=8.3"
            },
            "require-dev": {
                "phpunit/phpunit": "^12.0"
            },
            "suggest": {
                "ext-posix": "*"
            },
            "type": "library",
            "extra": {
                "branch-alias": {
                    "dev-main": "8.0-dev"
                }
            },
            "autoload": {
                "classmap": [
                    "src/"
                ]
            },
            "notification-url": "https://packagist.org/downloads/",
            "license": [
                "BSD-3-Clause"
            ],
            "authors": [
                {
                    "name": "Sebastian Bergmann",
                    "email": "sebastian@phpunit.de"
                }
            ],
            "description": "Provides functionality to handle HHVM/PHP environments",
            "homepage": "https://github.com/sebastianbergmann/environment",
            "keywords": [
                "Xdebug",
                "environment",
                "hhvm"
            ],
            "support": {
                "issues": "https://github.com/sebastianbergmann/environment/issues",
                "security": "https://github.com/sebastianbergmann/environment/security/policy",
                "source": "https://github.com/sebastianbergmann/environment/tree/8.0.3"
            },
            "funding": [
                {
                    "url": "https://github.com/sebastianbergmann",
                    "type": "github"
                },
                {
                    "url": "https://liberapay.com/sebastianbergmann",
                    "type": "liberapay"
                },
                {
                    "url": "https://thanks.dev/u/gh/sebastianbergmann",
                    "type": "thanks_dev"
                },
                {
                    "url": "https://tidelift.com/funding/github/packagist/sebastian/environment",
                    "type": "tidelift"
                }
            ],
            "time": "2025-08-12T14:11:56+00:00"
        },
        {
            "name": "sebastianfeldmann/cli",
            "version": "3.4.2",
            "source": {
                "type": "git",
                "url": "https://github.com/sebastianfeldmann/cli.git",
                "reference": "6fa122afd528dae7d7ec988a604aa6c600f5d9b5"
            },
            "dist": {
                "type": "zip",
                "url": "https://api.github.com/repos/sebastianfeldmann/cli/zipball/6fa122afd528dae7d7ec988a604aa6c600f5d9b5",
                "reference": "6fa122afd528dae7d7ec988a604aa6c600f5d9b5",
                "shasum": ""
            },
            "require": {
                "php": ">=7.2"
            },
            "require-dev": {
                "symfony/process": "^4.3 | ^5.0"
            },
            "type": "library",
            "extra": {
                "branch-alias": {
                    "dev-master": "3.4.x-dev"
                }
            },
            "autoload": {
                "psr-4": {
                    "SebastianFeldmann\\Cli\\": "src/"
                }
            },
            "notification-url": "https://packagist.org/downloads/",
            "license": [
                "MIT"
            ],
            "authors": [
                {
                    "name": "Sebastian Feldmann",
                    "email": "sf@sebastian-feldmann.info"
                }
            ],
            "description": "PHP cli helper classes",
            "homepage": "https://github.com/sebastianfeldmann/cli",
            "keywords": [
                "cli"
            ],
            "support": {
                "issues": "https://github.com/sebastianfeldmann/cli/issues",
                "source": "https://github.com/sebastianfeldmann/cli/tree/3.4.2"
            },
            "funding": [
                {
                    "url": "https://github.com/sebastianfeldmann",
                    "type": "github"
                }
            ],
            "time": "2024-11-26T10:19:01+00:00"
        },
        {
            "name": "symfony/process",
            "version": "v7.4.5",
            "source": {
                "type": "git",
                "url": "https://github.com/symfony/process.git",
                "reference": "608476f4604102976d687c483ac63a79ba18cc97"
            },
            "dist": {
                "type": "zip",
                "url": "https://api.github.com/repos/symfony/process/zipball/608476f4604102976d687c483ac63a79ba18cc97",
                "reference": "608476f4604102976d687c483ac63a79ba18cc97",
                "shasum": ""
            },
            "require": {
                "php": ">=8.2"
            },
            "type": "library",
            "autoload": {
                "psr-4": {
                    "Symfony\\Component\\Process\\": ""
                },
                "exclude-from-classmap": [
                    "/Tests/"
                ]
            },
            "notification-url": "https://packagist.org/downloads/",
            "license": [
                "MIT"
            ],
            "authors": [
                {
                    "name": "Fabien Potencier",
                    "email": "fabien@symfony.com"
                },
                {
                    "name": "Symfony Community",
                    "homepage": "https://symfony.com/contributors"
                }
            ],
            "description": "Executes commands in sub-processes",
            "homepage": "https://symfony.com",
            "support": {
                "source": "https://github.com/symfony/process/tree/v7.4.5"
            },
            "funding": [
                {
                    "url": "https://symfony.com/sponsor",
                    "type": "custom"
                },
                {
                    "url": "https://github.com/fabpot",
                    "type": "github"
                },
                {
                    "url": "https://github.com/nicolas-grekas",
                    "type": "github"
                },
                {
                    "url": "https://tidelift.com/funding/github/packagist/symfony/symfony",
                    "type": "tidelift"
                }
            ],
            "time": "2026-01-26T15:07:59+00:00"
        }
    ],
    "packages-dev": [],
    "aliases": [],
    "minimum-stability": "stable",
    "stability-flags": {},
    "prefer-stable": false,
    "prefer-lowest": false,
    "platform": {
        "php": ">=8.5"
    },
    "platform-dev": {},
    "plugin-api-version": "2.6.0"
}
